
Microsoft Visual Studio Solution File, Format Version 12.00
# Visual Studio Version 16
VisualStudioVersion = 16.0.33801.447
MinimumVisualStudioVersion = 10.0.40219.1
Project("{8BC9CEB8-8B4A-11D0-8D11-00A0C91BC942}") = "SingeltonClassic", "SingeltonClassic\SingeltonClassic.vcxproj", "{D6587457-23C7-49B8-B464-AFF7DB8E5BF1}"
EndProject
Project("{8BC9CEB8-8B4A-11D0-8D11-00A0C91BC942}") = "SingeltonModern", "SingeltonModern\SingeltonModern.vcxproj", "{79AC36D7-3421-406D-9351-57B044DE415E}"
EndProject
Project("{8BC9CEB8-8B4A-11D0-8D11-00A0C91BC942}") = "FactoryMethod", "FactoryMethod\FactoryMethod.vcxproj", "{74DFE2F8-6C0F-4670-85B2-DDF2C3E036A2}"
EndProject
Project("{8BC9CEB8-8B4A-11D0-8D11-00A0C91BC942}") = "Builder", "Builder\Builder.vcxproj", "{86E8CCD2-F441-4C5B-A7F2-526A05056631}"
EndProject
Project("{8BC9CEB8-8B4A-11D0-8D11-00A0C91BC942}") = "Adaprer_OneWay", "Adaprer_OneWay\Adaprer_OneWay.vcxproj", "{F77D79FF-C507-4F8E-97E3-3562CCA65D1D}"
EndProject
Project("{8BC9CEB8-8B4A-11D0-8D11-00A0C91BC942}") = "Adapter_TwoWay", "Adapter_TwoWay\Adapter_TwoWay.vcxproj", "{81FF5B58-3E6A-4002-B8E1-33139FA5BF2A}"
EndProject
Project("{8BC9CEB8-8B4A-11D0-8D11-00A0C91BC942}") = "Strategy", "Strategy\Strategy.vcxproj", "{E3DE2ED9-F4E4-43CF-A3D7-95C529D24670}"
EndProject
Project("{8BC9CEB8-8B4A-11D0-8D11-00A0C91BC942}") = "Observer", "Observer\Observer.vcxproj", "{C9372B88-6A30-4151-8D65-494FD3B51470}"
EndProject
Project("{8BC9CEB8-8B4A-11D0-8D11-00A0C91BC942}") = "Decorator", "Decorator\Decorator.vcxproj", "{B57E90EF-7266-4B26-A8AE-4419AC2EDF4E}"
EndProject
Project("{8BC9CEB8-8B4A-11D0-8D11-00A0C91BC942}") = "Test", "Test\Test.vcxproj", "{643258B3-AA2D-47F2-9F84-4D20DAB4E72D}"
EndProject
Project("{8BC9CEB8-8B4A-11D0-8D11-00A0C91BC942}") = "state", "state\state.vcxproj", "{A65A1EE7-A263-4C43-B996-A74FB2A8513C}"
EndProject
Project("{8BC9CEB8-8B4A-11D0-8D11-00A0C91BC942}") = "Command", "Command\Command.vcxproj", "{D3A3EDDA-1212-46D7-839E-983262657C1C}"
EndProject
Project("{8BC9CEB8-8B4A-11D0-8D11-00A0C91BC942}") = "Composite", "Composite\Composite.vcxproj", "{EE5017C8-0355-4ADE-A0B8-EBD5064B0A45}"
EndProject
Project("{8BC9CEB8-8B4A-11D0-8D11-00A0C91BC942}") = "Bridge", "Bridge\Bridge.vcxproj", "{F36F6021-420C-4B79-84CB-B8BD25F3838D}"
EndProject
Project("{8BC9CEB8-8B4A-11D0-8D11-00A0C91BC942}") = "Flyweight", "Flyweight\Flyweight.vcxproj", "{627FD87F-8EEC-472D-86CE-3B04AC24E700}"
EndProject
Project("{8BC9CEB8-8B4A-11D0-8D11-00A0C91BC942}") = "VirtualProxy", "VirtualProxy\VirtualProxy.vcxproj", "{10CD3FC9-543A-4869-BC50-32350E46A95B}"
EndProject
Project("{8BC9CEB8-8B4A-11D0-8D11-00A0C91BC942}") = "ChainOfResponsibility", "ChainOfResponsibility\ChainOfResponsibility.vcxproj", "{76BDF0C8-87D9-4C89-AF0A-9B28D2B83CD1}"
EndProject
Project("{8BC9CEB8-8B4A-11D0-8D11-00A0C91BC942}") = "Mediator", "Mediator\Mediator.vcxproj", "{C14DB1CC-ACC3-4785-BDF2-8CD0788EEFDF}"
EndProject
Project("{8BC9CEB8-8B4A-11D0-8D11-00A0C91BC942}") = "Memento", "Memento\Memento.vcxproj", "{7D426669-5D20-42FE-B415-3B2B0030E911}"
EndProject
Project("{8BC9CEB8-8B4A-11D0-8D11-00A0C91BC942}") = "Visitor", "Visitor\Visitor.vcxproj", "{C1492C3A-743F-47D7-B77D-D71A09A03B86}"
EndProject
Project("{8BC9CEB8-8B4A-11D0-8D11-00A0C91BC942}") = "Prototype", "Prototype\Prototype.vcxproj", "{D62C50FE-640A-41C4-A471-9155C79EEFB0}"
EndProject
Global
	GlobalSection(SolutionConfigurationPlatforms) = preSolution
		Debug|x64 = Debug|x64
		Debug|x86 = Debug|x86
		Release|x64 = Release|x64
		Release|x86 = Release|x86
	EndGlobalSection
	GlobalSection(ProjectConfigurationPlatforms) = postSolution
		{D6587457-23C7-49B8-B464-AFF7DB8E5BF1}.Debug|x64.ActiveCfg = Debug|x64
		{D6587457-23C7-49B8-B464-AFF7DB8E5BF1}.Debug|x64.Build.0 = Debug|x64
		{D6587457-23C7-49B8-B464-AFF7DB8E5BF1}.Debug|x86.ActiveCfg = Debug|Win32
		{D6587457-23C7-49B8-B464-AFF7DB8E5BF1}.Debug|x86.Build.0 = Debug|Win32
		{D6587457-23C7-49B8-B464-AFF7DB8E5BF1}.Release|x64.ActiveCfg = Release|x64
		{D6587457-23C7-49B8-B464-AFF7DB8E5BF1}.Release|x64.Build.0 = Release|x64
		{D6587457-23C7-49B8-B464-AFF7DB8E5BF1}.Release|x86.ActiveCfg = Release|Win32
		{D6587457-23C7-49B8-B464-AFF7DB8E5BF1}.Release|x86.Build.0 = Release|Win32
		{79AC36D7-3421-406D-9351-57B044DE415E}.Debug|x64.ActiveCfg = Debug|x64
		{79AC36D7-3421-406D-9351-57B044DE415E}.Debug|x64.Build.0 = Debug|x64
		{79AC36D7-3421-406D-9351-57B044DE415E}.Debug|x86.ActiveCfg = Debug|Win32
		{79AC36D7-3421-406D-9351-57B044DE415E}.Debug|x86.Build.0 = Debug|Win32
		{79AC36D7-3421-406D-9351-57B044DE415E}.Release|x64.ActiveCfg = Release|x64
		{79AC36D7-3421-406D-9351-57B044DE415E}.Release|x64.Build.0 = Release|x64
		{79AC36D7-3421-406D-9351-57B044DE415E}.Release|x86.ActiveCfg = Release|Win32
		{79AC36D7-3421-406D-9351-57B044DE415E}.Release|x86.Build.0 = Release|Win32
		{74DFE2F8-6C0F-4670-85B2-DDF2C3E036A2}.Debug|x64.ActiveCfg = Debug|x64
		{74DFE2F8-6C0F-4670-85B2-DDF2C3E036A2}.Debug|x64.Build.0 = Debug|x64
		{74DFE2F8-6C0F-4670-85B2-DDF2C3E036A2}.Debug|x86.ActiveCfg = Debug|Win32
		{74DFE2F8-6C0F-4670-85B2-DDF2C3E036A2}.Debug|x86.Build.0 = Debug|Win32
		{74DFE2F8-6C0F-4670-85B2-DDF2C3E036A2}.Release|x64.ActiveCfg = Release|x64
		{74DFE2F8-6C0F-4670-85B2-DDF2C3E036A2}.Release|x64.Build.0 = Release|x64
		{74DFE2F8-6C0F-4670-85B2-DDF2C3E036A2}.Release|x86.ActiveCfg = Release|Win32
		{74DFE2F8-6C0F-4670-85B2-DDF2C3E036A2}.Release|x86.Build.0 = Release|Win32
		{86E8CCD2-F441-4C5B-A7F2-526A05056631}.Debug|x64.ActiveCfg = Debug|x64
		{86E8CCD2-F441-4C5B-A7F2-526A05056631}.Debug|x64.Build.0 = Debug|x64
		{86E8CCD2-F441-4C5B-A7F2-526A05056631}.Debug|x86.ActiveCfg = Debug|Win32
		{86E8CCD2-F441-4C5B-A7F2-526A05056631}.Debug|x86.Build.0 = Debug|Win32
		{86E8CCD2-F441-4C5B-A7F2-526A05056631}.Release|x64.ActiveCfg = Release|x64
		{86E8CCD2-F441-4C5B-A7F2-526A05056631}.Release|x64.Build.0 = Release|x64
		{86E8CCD2-F441-4C5B-A7F2-526A05056631}.Release|x86.ActiveCfg = Release|Win32
		{86E8CCD2-F441-4C5B-A7F2-526A05056631}.Release|x86.Build.0 = Release|Win32
		{F77D79FF-C507-4F8E-97E3-3562CCA65D1D}.Debug|x64.ActiveCfg = Debug|x64
		{F77D79FF-C507-4F8E-97E3-3562CCA65D1D}.Debug|x64.Build.0 = Debug|x64
		{F77D79FF-C507-4F8E-97E3-3562CCA65D1D}.Debug|x86.ActiveCfg = Debug|Win32
		{F77D79FF-C507-4F8E-97E3-3562CCA65D1D}.Debug|x86.Build.0 = Debug|Win32
		{F77D79FF-C507-4F8E-97E3-3562CCA65D1D}.Release|x64.ActiveCfg = Release|x64
		{F77D79FF-C507-4F8E-97E3-3562CCA65D1D}.Release|x64.Build.0 = Release|x64
		{F77D79FF-C507-4F8E-97E3-3562CCA65D1D}.Release|x86.ActiveCfg = Release|Win32
		{F77D79FF-C507-4F8E-97E3-3562CCA65D1D}.Release|x86.Build.0 = Release|Win32
		{81FF5B58-3E6A-4002-B8E1-33139FA5BF2A}.Debug|x64.ActiveCfg = Debug|x64
		{81FF5B58-3E6A-4002-B8E1-33139FA5BF2A}.Debug|x64.Build.0 = Debug|x64
		{81FF5B58-3E6A-4002-B8E1-33139FA5BF2A}.Debug|x86.ActiveCfg = Debug|Win32
		{81FF5B58-3E6A-4002-B8E1-33139FA5BF2A}.Debug|x86.Build.0 = Debug|Win32
		{81FF5B58-3E6A-4002-B8E1-33139FA5BF2A}.Release|x64.ActiveCfg = Release|x64
		{81FF5B58-3E6A-4002-B8E1-33139FA5BF2A}.Release|x64.Build.0 = Release|x64
		{81FF5B58-3E6A-4002-B8E1-33139FA5BF2A}.Release|x86.ActiveCfg = Release|Win32
		{81FF5B58-3E6A-4002-B8E1-33139FA5BF2A}.Release|x86.Build.0 = Release|Win32
		{E3DE2ED9-F4E4-43CF-A3D7-95C529D24670}.Debug|x64.ActiveCfg = Debug|x64
		{E3DE2ED9-F4E4-43CF-A3D7-95C529D24670}.Debug|x64.Build.0 = Debug|x64
		{E3DE2ED9-F4E4-43CF-A3D7-95C529D24670}.Debug|x86.ActiveCfg = Debug|Win32
		{E3DE2ED9-F4E4-43CF-A3D7-95C529D24670}.Debug|x86.Build.0 = Debug|Win32
		{E3DE2ED9-F4E4-43CF-A3D7-95C529D24670}.Release|x64.ActiveCfg = Release|x64
		{E3DE2ED9-F4E4-43CF-A3D7-95C529D24670}.Release|x64.Build.0 = Release|x64
		{E3DE2ED9-F4E4-43CF-A3D7-95C529D24670}.Release|x86.ActiveCfg = Release|Win32
		{E3DE2ED9-F4E4-43CF-A3D7-95C529D24670}.Release|x86.Build.0 = Release|Win32
		{C9372B88-6A30-4151-8D65-494FD3B51470}.Debug|x64.ActiveCfg = Debug|x64
		{C9372B88-6A30-4151-8D65-494FD3B51470}.Debug|x64.Build.0 = Debug|x64
		{C9372B88-6A30-4151-8D65-494FD3B51470}.Debug|x86.ActiveCfg = Debug|Win32
		{C9372B88-6A30-4151-8D65-494FD3B51470}.Debug|x86.Build.0 = Debug|Win32
		{C9372B88-6A30-4151-8D65-494FD3B51470}.Release|x64.ActiveCfg = Release|x64
		{C9372B88-6A30-4151-8D65-494FD3B51470}.Release|x64.Build.0 = Release|x64
		{C9372B88-6A30-4151-8D65-494FD3B51470}.Release|x86.ActiveCfg = Release|Win32
		{C9372B88-6A30-4151-8D65-494FD3B51470}.Release|x86.Build.0 = Release|Win32
		{B57E90EF-7266-4B26-A8AE-4419AC2EDF4E}.Debug|x64.ActiveCfg = Debug|x64
		{B57E90EF-7266-4B26-A8AE-4419AC2EDF4E}.Debug|x64.Build.0 = Debug|x64
		{B57E90EF-7266-4B26-A8AE-4419AC2EDF4E}.Debug|x86.ActiveCfg = Debug|Win32
		{B57E90EF-7266-4B26-A8AE-4419AC2EDF4E}.Debug|x86.Build.0 = Debug|Win32
		{B57E90EF-7266-4B26-A8AE-4419AC2EDF4E}.Release|x64.ActiveCfg = Release|x64
		{B57E90EF-7266-4B26-A8AE-4419AC2EDF4E}.Release|x64.Build.0 = Release|x64
		{B57E90EF-7266-4B26-A8AE-4419AC2EDF4E}.Release|x86.ActiveCfg = Release|Win32
		{B57E90EF-7266-4B26-A8AE-4419AC2EDF4E}.Release|x86.Build.0 = Release|Win32
		{643258B3-AA2D-47F2-9F84-4D20DAB4E72D}.Debug|x64.ActiveCfg = Debug|x64
		{643258B3-AA2D-47F2-9F84-4D20DAB4E72D}.Debug|x64.Build.0 = Debug|x64
		{643258B3-AA2D-47F2-9F84-4D20DAB4E72D}.Debug|x86.ActiveCfg = Debug|Win32
		{643258B3-AA2D-47F2-9F84-4D20DAB4E72D}.Debug|x86.Build.0 = Debug|Win32
		{643258B3-AA2D-47F2-9F84-4D20DAB4E72D}.Release|x64.ActiveCfg = Release|x64
		{643258B3-AA2D-47F2-9F84-4D20DAB4E72D}.Release|x64.Build.0 = Release|x64
		{643258B3-AA2D-47F2-9F84-4D20DAB4E72D}.Release|x86.ActiveCfg = Release|Win32
		{643258B3-AA2D-47F2-9F84-4D20DAB4E72D}.Release|x86.Build.0 = Release|Win32
		{A65A1EE7-A263-4C43-B996-A74FB2A8513C}.Debug|x64.ActiveCfg = Debug|x64
		{A65A1EE7-A263-4C43-B996-A74FB2A8513C}.Debug|x64.Build.0 = Debug|x64
		{A65A1EE7-A263-4C43-B996-A74FB2A8513C}.Debug|x86.ActiveCfg = Debug|Win32
		{A65A1EE7-A263-4C43-B996-A74FB2A8513C}.Debug|x86.Build.0 = Debug|Win32
		{A65A1EE7-A263-4C43-B996-A74FB2A8513C}.Release|x64.ActiveCfg = Release|x64
		{A65A1EE7-A263-4C43-B996-A74FB2A8513C}.Release|x64.Build.0 = Release|x64
		{A65A1EE7-A263-4C43-B996-A74FB2A8513C}.Release|x86.ActiveCfg = Release|Win32
		{A65A1EE7-A263-4C43-B996-A74FB2A8513C}.Release|x86.Build.0 = Release|Win32
		{D3A3EDDA-1212-46D7-839E-983262657C1C}.Debug|x64.ActiveCfg = Debug|x64
		{D3A3EDDA-1212-46D7-839E-983262657C1C}.Debug|x64.Build.0 = Debug|x64
		{D3A3EDDA-1212-46D7-839E-983262657C1C}.Debug|x86.ActiveCfg = Debug|Win32
		{D3A3EDDA-1212-46D7-839E-983262657C1C}.Debug|x86.Build.0 = Debug|Win32
		{D3A3EDDA-1212-46D7-839E-983262657C1C}.Release|x64.ActiveCfg = Release|x64
		{D3A3EDDA-1212-46D7-839E-983262657C1C}.Release|x64.Build.0 = Release|x64
		{D3A3EDDA-1212-46D7-839E-983262657C1C}.Release|x86.ActiveCfg = Release|Win32
		{D3A3EDDA-1212-46D7-839E-983262657C1C}.Release|x86.Build.0 = Release|Win32
		{EE5017C8-0355-4ADE-A0B8-EBD5064B0A45}.Debug|x64.ActiveCfg = Debug|x64
		{EE5017C8-0355-4ADE-A0B8-EBD5064B0A45}.Debug|x64.Build.0 = Debug|x64
		{EE5017C8-0355-4ADE-A0B8-EBD5064B0A45}.Debug|x86.ActiveCfg = Debug|Win32
		{EE5017C8-0355-4ADE-A0B8-EBD5064B0A45}.Debug|x86.Build.0 = Debug|Win32
		{EE5017C8-0355-4ADE-A0B8-EBD5064B0A45}.Release|x64.ActiveCfg = Release|x64
		{EE5017C8-0355-4ADE-A0B8-EBD5064B0A45}.Release|x64.Build.0 = Release|x64
		{EE5017C8-0355-4ADE-A0B8-EBD5064B0A45}.Release|x86.ActiveCfg = Release|Win32
		{EE5017C8-0355-4ADE-A0B8-EBD5064B0A45}.Release|x86.Build.0 = Release|Win32
		{F36F6021-420C-4B79-84CB-B8BD25F3838D}.Debug|x64.ActiveCfg = Debug|x64
		{F36F6021-420C-4B79-84CB-B8BD25F3838D}.Debug|x64.Build.0 = Debug|x64
		{F36F6021-420C-4B79-84CB-B8BD25F3838D}.Debug|x86.ActiveCfg = Debug|Win32
		{F36F6021-420C-4B79-84CB-B8BD25F3838D}.Debug|x86.Build.0 = Debug|Win32
		{F36F6021-420C-4B79-84CB-B8BD25F3838D}.Release|x64.ActiveCfg = Release|x64
		{F36F6021-420C-4B79-84CB-B8BD25F3838D}.Release|x64.Build.0 = Release|x64
		{F36F6021-420C-4B79-84CB-B8BD25F3838D}.Release|x86.ActiveCfg = Release|Win32
		{F36F6021-420C-4B79-84CB-B8BD25F3838D}.Release|x86.Build.0 = Release|Win32
		{627FD87F-8EEC-472D-86CE-3B04AC24E700}.Debug|x64.ActiveCfg = Debug|x64
		{627FD87F-8EEC-472D-86CE-3B04AC24E700}.Debug|x64.Build.0 = Debug|x64
		{627FD87F-8EEC-472D-86CE-3B04AC24E700}.Debug|x86.ActiveCfg = Debug|Win32
		{627FD87F-8EEC-472D-86CE-3B04AC24E700}.Debug|x86.Build.0 = Debug|Win32
		{627FD87F-8EEC-472D-86CE-3B04AC24E700}.Release|x64.ActiveCfg = Release|x64
		{627FD87F-8EEC-472D-86CE-3B04AC24E700}.Release|x64.Build.0 = Release|x64
		{627FD87F-8EEC-472D-86CE-3B04AC24E700}.Release|x86.ActiveCfg = Release|Win32
		{627FD87F-8EEC-472D-86CE-3B04AC24E700}.Release|x86.Build.0 = Release|Win32
		{10CD3FC9-543A-4869-BC50-32350E46A95B}.Debug|x64.ActiveCfg = Debug|x64
		{10CD3FC9-543A-4869-BC50-32350E46A95B}.Debug|x64.Build.0 = Debug|x64
		{10CD3FC9-543A-4869-BC50-32350E46A95B}.Debug|x86.ActiveCfg = Debug|Win32
		{10CD3FC9-543A-4869-BC50-32350E46A95B}.Debug|x86.Build.0 = Debug|Win32
		{10CD3FC9-543A-4869-BC50-32350E46A95B}.Release|x64.ActiveCfg = Release|x64
		{10CD3FC9-543A-4869-BC50-32350E46A95B}.Release|x64.Build.0 = Release|x64
		{10CD3FC9-543A-4869-BC50-32350E46A95B}.Release|x86.ActiveCfg = Release|Win32
		{10CD3FC9-543A-4869-BC50-32350E46A95B}.Release|x86.Build.0 = Release|Win32
		{76BDF0C8-87D9-4C89-AF0A-9B28D2B83CD1}.Debug|x64.ActiveCfg = Debug|x64
		{76BDF0C8-87D9-4C89-AF0A-9B28D2B83CD1}.Debug|x64.Build.0 = Debug|x64
		{76BDF0C8-87D9-4C89-AF0A-9B28D2B83CD1}.Debug|x86.ActiveCfg = Debug|Win32
		{76BDF0C8-87D9-4C89-AF0A-9B28D2B83CD1}.Debug|x86.Build.0 = Debug|Win32
		{76BDF0C8-87D9-4C89-AF0A-9B28D2B83CD1}.Release|x64.ActiveCfg = Release|x64
		{76BDF0C8-87D9-4C89-AF0A-9B28D2B83CD1}.Release|x64.Build.0 = Release|x64
		{76BDF0C8-87D9-4C89-AF0A-9B28D2B83CD1}.Release|x86.ActiveCfg = Release|Win32
		{76BDF0C8-87D9-4C89-AF0A-9B28D2B83CD1}.Release|x86.Build.0 = Release|Win32
		{C14DB1CC-ACC3-4785-BDF2-8CD0788EEFDF}.Debug|x64.ActiveCfg = Debug|x64
		{C14DB1CC-ACC3-4785-BDF2-8CD0788EEFDF}.Debug|x64.Build.0 = Debug|x64
		{C14DB1CC-ACC3-4785-BDF2-8CD0788EEFDF}.Debug|x86.ActiveCfg = Debug|Win32
		{C14DB1CC-ACC3-4785-BDF2-8CD0788EEFDF}.Debug|x86.Build.0 = Debug|Win32
		{C14DB1CC-ACC3-4785-BDF2-8CD0788EEFDF}.Release|x64.ActiveCfg = Release|x64
		{C14DB1CC-ACC3-4785-BDF2-8CD0788EEFDF}.Release|x64.Build.0 = Release|x64
		{C14DB1CC-ACC3-4785-BDF2-8CD0788EEFDF}.Release|x86.ActiveCfg = Release|Win32
		{C14DB1CC-ACC3-4785-BDF2-8CD0788EEFDF}.Release|x86.Build.0 = Release|Win32
		{7D426669-5D20-42FE-B415-3B2B0030E911}.Debug|x64.ActiveCfg = Debug|x64
		{7D426669-5D20-42FE-B415-3B2B0030E911}.Debug|x64.Build.0 = Debug|x64
		{7D426669-5D20-42FE-B415-3B2B0030E911}.Debug|x86.ActiveCfg = Debug|Win32
		{7D426669-5D20-42FE-B415-3B2B0030E911}.Debug|x86.Build.0 = Debug|Win32
		{7D426669-5D20-42FE-B415-3B2B0030E911}.Release|x64.ActiveCfg = Release|x64
		{7D426669-5D20-42FE-B415-3B2B0030E911}.Release|x64.Build.0 = Release|x64
		{7D426669-5D20-42FE-B415-3B2B0030E911}.Release|x86.ActiveCfg = Release|Win32
		{7D426669-5D20-42FE-B415-3B2B0030E911}.Release|x86.Build.0 = Release|Win32
		{C1492C3A-743F-47D7-B77D-D71A09A03B86}.Debug|x64.ActiveCfg = Debug|x64
		{C1492C3A-743F-47D7-B77D-D71A09A03B86}.Debug|x64.Build.0 = Debug|x64
		{C1492C3A-743F-47D7-B77D-D71A09A03B86}.Debug|x86.ActiveCfg = Debug|Win32
		{C1492C3A-743F-47D7-B77D-D71A09A03B86}.Debug|x86.Build.0 = Debug|Win32
		{C1492C3A-743F-47D7-B77D-D71A09A03B86}.Release|x64.ActiveCfg = Release|x64
		{C1492C3A-743F-47D7-B77D-D71A09A03B86}.Release|x64.Build.0 = Release|x64
		{C1492C3A-743F-47D7-B77D-D71A09A03B86}.Release|x86.ActiveCfg = Release|Win32
		{C1492C3A-743F-47D7-B77D-D71A09A03B86}.Release|x86.Build.0 = Release|Win32
		{D62C50FE-640A-41C4-A471-9155C79EEFB0}.Debug|x64.ActiveCfg = Debug|x64
		{D62C50FE-640A-41C4-A471-9155C79EEFB0}.Debug|x64.Build.0 = Debug|x64
		{D62C50FE-640A-41C4-A471-9155C79EEFB0}.Debug|x86.ActiveCfg = Debug|Win32
		{D62C50FE-640A-41C4-A471-9155C79EEFB0}.Debug|x86.Build.0 = Debug|Win32
		{D62C50FE-640A-41C4-A471-9155C79EEFB0}.Release|x64.ActiveCfg = Release|x64
		{D62C50FE-640A-41C4-A471-9155C79EEFB0}.Release|x64.Build.0 = Release|x64
		{D62C50FE-640A-41C4-A471-9155C79EEFB0}.Release|x86.ActiveCfg = Release|Win32
		{D62C50FE-640A-41C4-A471-9155C79EEFB0}.Release|x86.Build.0 = Release|Win32
	EndGlobalSection
	GlobalSection(SolutionProperties) = preSolution
		HideSolutionNode = FALSE
	EndGlobalSection
	GlobalSection(ExtensibilityGlobals) = postSolution
		SolutionGuid = {72FD46B3-B2E1-47D8-95CC-A5D2CE94E812}
	EndGlobalSection
EndGlobal
